// !$*UTF8*$!
{
	archiveVersion = 1;
	classes = {
	};
	objectVersion = 46;
	objects = {

/* Begin PBXBuildFile section */
		C1080D4920ED9742000FF214 /* CardTradeViewController.swift in Sources */ = {isa = PBXBuildFile; fileRef = C1080D4820ED9742000FF214 /* CardTradeViewController.swift */; };
		C1080D4D20ED9BDE000FF214 /* CardTableViewCell.swift in Sources */ = {isa = PBXBuildFile; fileRef = C1080D4C20ED9BDE000FF214 /* CardTableViewCell.swift */; };
		C1832845208551510097EADC /* AppDelegate.swift in Sources */ = {isa = PBXBuildFile; fileRef = C1832844208551510097EADC /* AppDelegate.swift */; };
		C1832847208551510097EADC /* CardTableViewController.swift in Sources */ = {isa = PBXBuildFile; fileRef = C1832846208551510097EADC /* CardTableViewController.swift */; };
		C183284A208551510097EADC /* Main.storyboard in Resources */ = {isa = PBXBuildFile; fileRef = C1832848208551510097EADC /* Main.storyboard */; };
		C183284C208551510097EADC /* Assets.xcassets in Resources */ = {isa = PBXBuildFile; fileRef = C183284B208551510097EADC /* Assets.xcassets */; };
		C183284F208551510097EADC /* LaunchScreen.storyboard in Resources */ = {isa = PBXBuildFile; fileRef = C183284D208551510097EADC /* LaunchScreen.storyboard */; };
		C1ADED7620F16B6C0039E6A7 /* CardViewController.swift in Sources */ = {isa = PBXBuildFile; fileRef = C1ADED7520F16B6C0039E6A7 /* CardViewController.swift */; };
		C1ADED7820F171470039E6A7 /* Card.swift in Sources */ = {isa = PBXBuildFile; fileRef = C1ADED7720F171470039E6A7 /* Card.swift */; };
/* End PBXBuildFile section */

/* Begin PBXFileReference section */
		C1080D4820ED9742000FF214 /* CardTradeViewController.swift */ = {isa = PBXFileReference; fileEncoding = 4; lastKnownFileType = sourcecode.swift; path = CardTradeViewController.swift; sourceTree = "<group>"; };
		C1080D4C20ED9BDE000FF214 /* CardTableViewCell.swift */ = {isa = PBXFileReference; fileEncoding = 4; lastKnownFileType = sourcecode.swift; path = CardTableViewCell.swift; sourceTree = "<group>"; };
		C1832841208551500097EADC /* MTG-Trading.app */ = {isa = PBXFileReference; explicitFileType = wrapper.application; includeInIndex = 0; path = "MTG-Trading.app"; sourceTree = BUILT_PRODUCTS_DIR; };
		C1832844208551510097EADC /* AppDelegate.swift */ = {isa = PBXFileReference; lastKnownFileType = sourcecode.swift; path = AppDelegate.swift; sourceTree = "<group>"; };
		C1832846208551510097EADC /* CardTableViewController.swift */ = {isa = PBXFileReference; lastKnownFileType = sourcecode.swift; path = CardTableViewController.swift; sourceTree = "<group>"; };
		C1832849208551510097EADC /* Base */ = {isa = PBXFileReference; lastKnownFileType = file.storyboard; name = Base; path = Base.lproj/Main.storyboard; sourceTree = "<group>"; };
		C183284B208551510097EADC /* Assets.xcassets */ = {isa = PBXFileReference; lastKnownFileType = folder.assetcatalog; path = Assets.xcassets; sourceTree = "<group>"; };
		C183284E208551510097EADC /* Base */ = {isa = PBXFileReference; lastKnownFileType = file.storyboard; name = Base; path = Base.lproj/LaunchScreen.storyboard; sourceTree = "<group>"; };
		C1832850208551510097EADC /* Info.plist */ = {isa = PBXFileReference; lastKnownFileType = text.plist.xml; path = Info.plist; sourceTree = "<group>"; };
		C1ADED7520F16B6C0039E6A7 /* CardViewController.swift */ = {isa = PBXFileReference; lastKnownFileType = sourcecode.swift; path = CardViewController.swift; sourceTree = "<group>"; };
		C1ADED7720F171470039E6A7 /* Card.swift */ = {isa = PBXFileReference; lastKnownFileType = sourcecode.swift; path = Card.swift; sourceTree = "<group>"; };
/* End PBXFileReference section */

/* Begin PBXFrameworksBuildPhase section */
		C183283E208551500097EADC /* Frameworks */ = {
			isa = PBXFrameworksBuildPhase;
			buildActionMask = 2147483647;
			files = (
			);
			runOnlyForDeploymentPostprocessing = 0;
		};
/* End PBXFrameworksBuildPhase section */

/* Begin PBXGroup section */
		C1832838208551500097EADC = {
			isa = PBXGroup;
			children = (
				C1832843208551510097EADC /* MTG-Trading */,
				C1832842208551500097EADC /* Products */,
			);
			sourceTree = "<group>";
		};
		C1832842208551500097EADC /* Products */ = {
			isa = PBXGroup;
			children = (
				C1832841208551500097EADC /* MTG-Trading.app */,
			);
			name = Products;
			sourceTree = "<group>";
		};
		C1832843208551510097EADC /* MTG-Trading */ = {
			isa = PBXGroup;
			children = (
				C1832844208551510097EADC /* AppDelegate.swift */,
				C1832846208551510097EADC /* CardTableViewController.swift */,
				C1080D4820ED9742000FF214 /* CardTradeViewController.swift */,
				C1080D4C20ED9BDE000FF214 /* CardTableViewCell.swift */,
				C1ADED7520F16B6C0039E6A7 /* CardViewController.swift */,
				C1ADED7720F171470039E6A7 /* Card.swift */,
				C1832848208551510097EADC /* Main.storyboard */,
				C183284B208551510097EADC /* Assets.xcassets */,
				C183284D208551510097EADC /* LaunchScreen.storyboard */,
				C1832850208551510097EADC /* Info.plist */,
			);
			path = "MTG-Trading";
			sourceTree = "<group>";
		};
/* End PBXGroup section */

/* Begin PBXNativeTarget section */
		C1832840208551500097EADC /* MTG-Trading */ = {
			isa = PBXNativeTarget;
			buildConfigurationList = C1832853208551510097EADC /* Build configuration list for PBXNativeTarget "MTG-Trading" */;
			buildPhases = (
				C183283D208551500097EADC /* Sources */,
				C183283E208551500097EADC /* Frameworks */,
				C183283F208551500097EADC /* Resources */,
			);
			buildRules = (
			);
			dependencies = (
			);
			name = "MTG-Trading";
			productName = "MTG-Trading";
			productReference = C1832841208551500097EADC /* MTG-Trading.app */;
			productType = "com.apple.product-type.application";
		};
/* End PBXNativeTarget section */

/* Begin PBXProject section */
		C1832839208551500097EADC /* Project object */ = {
			isa = PBXProject;
			attributes = {
				LastSwiftUpdateCheck = 0830;
				LastUpgradeCheck = 0830;
				ORGANIZATIONNAME = "Daniel Huber";
				TargetAttributes = {
					C1832840208551500097EADC = {
						CreatedOnToolsVersion = 8.3.3;
						DevelopmentTeam = 7PZ5BB97D6;
						ProvisioningStyle = Automatic;
					};
				};
			};
			buildConfigurationList = C183283C208551500097EADC /* Build configuration list for PBXProject "MTG-Trading" */;
			compatibilityVersion = "Xcode 3.2";
			developmentRegion = English;
			hasScannedForEncodings = 0;
			knownRegions = (
				en,
				Base,
			);
			mainGroup = C1832838208551500097EADC;
			productRefGroup = C1832842208551500097EADC /* Products */;
			projectDirPath = "";
			projectRoot = "";
			targets = (
				C1832840208551500097EADC /* MTG-Trading */,
			);
		};
/* End PBXProject section */

/* Begin PBXResourcesBuildPhase section */
		C183283F208551500097EADC /* Resources */ = {
			isa = PBXResourcesBuildPhase;
			buildActionMask = 2147483647;
			files = (
				C183284F208551510097EADC /* LaunchScreen.storyboard in Resources */,
				C183284C208551510097EADC /* Assets.xcassets in Resources */,
				C183284A208551510097EADC /* Main.storyboard in Resources */,
			);
			runOnlyForDeploymentPostprocessing = 0;
		};
/* End PBXResourcesBuildPhase section */

/* Begin PBXSourcesBuildPhase section */
		C183283D208551500097EADC /* Sources */ = {
			isa = PBXSourcesBuildPhase;
			buildActionMask = 2147483647;
			files = (
				C1080D4920ED9742000FF214 /* CardTradeViewController.swift in Sources */,
				C1ADED7820F171470039E6A7 /* Card.swift in Sources */,
				C1832847208551510097EADC /* CardTableViewController.swift in Sources */,
				C1832845208551510097EADC /* AppDelegate.swift in Sources */,
				C1ADED7620F16B6C0039E6A7 /* CardViewController.swift in Sources */,
				C1080D4D20ED9BDE000FF214 /* CardTableViewCell.swift in Sources */,
			);
			runOnlyForDeploymentPostprocessing = 0;
		};
/* End PBXSourcesBuildPhase section */

/* Begin PBXVariantGroup section */
		C1832848208551510097EADC /* Main.storyboard */ = {
			isa = PBXVariantGroup;
			children = (
				C1832849208551510097EADC /* Base */,
			);
			name = Main.storyboard;
			sourceTree = "<group>";
		};
		C183284D208551510097EADC /* LaunchScreen.storyboard */ = {
			isa = PBXVariantGroup;
			children = (
				C183284E208551510097EADC /* Base */,
			);
			name = LaunchScreen.storyboard;
			sourceTree = "<group>";
		};
/* End PBXVariantGroup section */

/* Begin XCBuildConfiguration section */
		C1832851208551510097EADC /* Debug */ = {
			isa = XCBuildConfiguration;
			buildSettings = {
				ALWAYS_SEARCH_USER_PATHS = NO;
				CLANG_ANALYZER_NONNULL = YES;
				CLANG_ANALYZER_NUMBER_OBJECT_CONVERSION = YES_AGGRESSIVE;
				CLANG_CXX_LANGUAGE_STANDARD = "gnu++0x";
				CLANG_CXX_LIBRARY = "libc++";
				CLANG_ENABLE_MODULES = YES;
				CLANG_ENABLE_OBJC_ARC = YES;
				CLANG_WARN_BOOL_CONVERSION = YES;
				CLANG_WARN_CONSTANT_CONVERSION = YES;
				CLANG_WARN_DIRECT_OBJC_ISA_USAGE = YES_ERROR;
				CLANG_WARN_DOCUMENTATION_COMMENTS = YES;
				CLANG_WARN_EMPTY_BODY = YES;
				CLANG_WARN_ENUM_CONVERSION = YES;
				CLANG_WARN_INFINITE_RECURSION = YES;
				CLANG_WARN_INT_CONVERSION = YES;
				CLANG_WARN_OBJC_ROOT_CLASS = YES_ERROR;
				CLANG_WARN_SUSPICIOUS_MOVE = YES;
				CLANG_WARN_UNREACHABLE_CODE = YES;
				CLANG_WARN__DUPLICATE_METHOD_MATCH = YES;
				"CODE_SIGN_IDENTITY[sdk=iphoneos*]" = "iPhone Developer";
				COPY_PHASE_STRIP = NO;
				DEBUG_INFORMATION_FORMAT = dwarf;
				ENABLE_STRICT_OBJC_MSGSEND = YES;
				ENABLE_TESTABILITY = YES;
				GCC_C_LANGUAGE_STANDARD = gnu99;
				GCC_DYNAMIC_NO_PIC = NO;
				GCC_NO_COMMON_BLOCKS = YES;
				GCC_OPTIMIZATION_LEVEL = 0;
				GCC_PREPROCESSOR_DEFINITIONS = (
					"DEBUG=1",
					"$(inherited)",
				);
				GCC_WARN_64_TO_32_BIT_CONVERSION = YES;
				GCC_WARN_ABOUT_RETURN_TYPE = YES_ERROR;
				GCC_WARN_UNDECLARED_SELECTOR = YES;
				GCC_WARN_UNINITIALIZED_AUTOS = YES_AGGRESSIVE;
				GCC_WARN_UNUSED_FUNCTION = YES;
				GCC_WARN_UNUSED_VARIABLE = YES;
				IPHONEOS_DEPLOYMENT_TARGET = 10.3;
				MTL_ENABLE_DEBUG_INFO = YES;
				ONLY_ACTIVE_ARCH = YES;
				SDKROOT = iphoneos;
				SWIFT_ACTIVE_COMPILATION_CONDITIONS = DEBUG;
				SWIFT_OPTIMIZATION_LEVEL = "-Onone";
				TARGETED_DEVICE_FAMILY = "1,2";
			};
			name = Debug;
		};
		C1832852208551510097EADC /* Release */ = {
			isa = XCBuildConfiguration;
			buildSettings = {
				ALWAYS_SEARCH_USER_PATHS = NO;
				CLANG_ANALYZER_NONNULL = YES;
				CLANG_ANALYZER_NUMBER_OBJECT_CONVERSION = YES_AGGRESSIVE;
				CLANG_CXX_LANGUAGE_STANDARD = "gnu++0x";
				CLANG_CXX_LIBRARY = "libc++";
				CLANG_ENABLE_MODULES = YES;
				CLANG_ENABLE_OBJC_ARC = YES;
				CLANG_WARN_BOOL_CONVERSION = YES;
				CLANG_WARN_CONSTANT_CONVERSION = YES;
				CLANG_WARN_DIRECT_OBJC_ISA_USAGE = YES_ERROR;
				CLANG_WARN_DOCUMENTATION_COMMENTS = YES;
				CLANG_WARN_EMPTY_BODY = YES;
				CLANG_WARN_ENUM_CONVERSION = YES;
				CLANG_WARN_INFINITE_RECURSION = YES;
				CLANG_WARN_INT_CONVERSION = YES;
				CLANG_WARN_OBJC_ROOT_CLASS = YES_ERROR;
				CLANG_WARN_SUSPICIOUS_MOVE = YES;
				CLANG_WARN_UNREACHABLE_CODE = YES;
				CLANG_WARN__DUPLICATE_METHOD_MATCH = YES;
				"CODE_SIGN_IDENTITY[sdk=iphoneos*]" = "iPhone Developer";
				COPY_PHASE_STRIP = NO;
				DEBUG_INFORMATION_FORMAT = "dwarf-with-dsym";
				ENABLE_NS_ASSERTIONS = NO;
				ENABLE_STRICT_OBJC_MSGSEND = YES;
				GCC_C_LANGUAGE_STANDARD = gnu99;
				GCC_NO_COMMON_BLOCKS = YES;
				GCC_WARN_64_TO_32_BIT_CONVERSION = YES;
				GCC_WARN_ABOUT_RETURN_TYPE = YES_ERROR;
				GCC_WARN_UNDECLARED_SELECTOR = YES;
				GCC_WARN_UNINITIALIZED_AUTOS = YES_AGGRESSIVE;
				GCC_WARN_UNUSED_FUNCTION = YES;
				GCC_WARN_UNUSED_VARIABLE = YES;
				IPHONEOS_DEPLOYMENT_TARGET = 10.3;
				MTL_ENABLE_DEBUG_INFO = NO;
				SDKROOT = iphoneos;
				SWIFT_OPTIMIZATION_LEVEL = "-Owholemodule";
				TARGETED_DEVICE_FAMILY = "1,2";
				VALIDATE_PRODUCT = YES;
			};
			name = Release;
		};
		C1832854208551510097EADC /* Debug */ = {
			isa = XCBuildConfiguration;
			buildSettings = {
				ASSETCATALOG_COMPILER_APPICON_NAME = AppIcon;
				DEVELOPMENT_TEAM = 7PZ5BB97D6;
				INFOPLIST_FILE = "MTG-Trading/Info.plist";
				LD_RUNPATH_SEARCH_PATHS = "$(inherited) @executable_path/Frameworks";
				PRODUCT_BUNDLE_IDENTIFIER = "com.example.MTG-Trading";
				PRODUCT_NAME = "$(TARGET_NAME)";
				SWIFT_VERSION = 3.0;
			};
			name = Debug;
		};
		C1832855208551510097EADC /* Release */ = {
			isa = XCBuildConfiguration;
			buildSettings = {
				ASSETCATALOG_COMPILER_APPICON_NAME = AppIcon;
				DEVELOPMENT_TEAM = 7PZ5BB97D6;
				INFOPLIST_FILE = "MTG-Trading/Info.plist";
				LD_RUNPATH_SEARCH_PATHS = "$(inherited) @executable_path/Frameworks";
				PRODUCT_BUNDLE_IDENTIFIER = "com.example.MTG-Trading";
				PRODUCT_NAME = "$(TARGET_NAME)";
				SWIFT_VERSION = 3.0;
			};
			name = Release;
		};
/* End XCBuildConfiguration section */

/* Begin XCConfigurationList section */
		C183283C208551500097EADC /* Build configuration list for PBXProject "MTG-Trading" */ = {
			isa = XCConfigurationList;
			buildConfigurations = (
				C1832851208551510097EADC /* Debug */,
				C1832852208551510097EADC /* Release */,
			);
			defaultConfigurationIsVisible = 0;
			defaultConfigurationName = Release;
		};
		C1832853208551510097EADC /* Build configuration list for PBXNativeTarget "MTG-Trading" */ = {
			isa = XCConfigurationList;
			buildConfigurations = (
				C1832854208551510097EADC /* Debug */,
				C1832855208551510097EADC /* Release */,
			);
			defaultConfigurationIsVisible = 0;
			defaultConfigurationName = Release;
		};
/* End XCConfigurationList section */
	};
	rootObject = C1832839208551500097EADC /* Project object */;
}
